
Microsoft Visual Studio Solution File, Format Version 12.00
# Visual Studio Version 16
VisualStudioVersion = 16.0.31205.134
MinimumVisualStudioVersion = 10.0.40219.1
Project("{FAE04EC0-301F-11D3-BF4B-00C04F79EFBC}") = "E9", "E9\E9.csproj", "{1FAE6B9C-14AB-469C-93C5-F2CD3E215523}"
EndProject
Global
	GlobalSection(SolutionConfigurationPlatforms) = preSolution
		Debug|Any CPU = Debug|Any CPU
		Release|Any CPU = Release|Any CPU
	EndGlobalSection
	GlobalSection(ProjectConfigurationPlatforms) = postSolution
		{1FAE6B9C-14AB-469C-93C5-F2CD3E215523}.Debug|Any CPU.ActiveCfg = Debug|Any CPU
		{1FAE6B9C-14AB-469C-93C5-F2CD3E215523}.Debug|Any CPU.Build.0 = Debug|Any CPU
		{1FAE6B9C-14AB-469C-93C5-F2CD3E215523}.Release|Any CPU.ActiveCfg = Release|Any CPU
		{1FAE6B9C-14AB-469C-93C5-F2CD3E215523}.Release|Any CPU.Build.0 = Release|Any CPU
	EndGlobalSection
	GlobalSection(SolutionProperties) = preSolution
		HideSolutionNode = FALSE
	EndGlobalSection
	GlobalSection(ExtensibilityGlobals) = postSolution
		SolutionGuid = {9AB90E73-8B8C-4E05-9F4E-5B83A85B1F9C}
	EndGlobalSection
EndGlobal
